{
  "lockfileVersion": 1,
  "configVersion": 1,
  "workspaces": {
    "": {
      "name": "@user/opencode-user-instructions",
      "devDependencies": {
        "@opencode-ai/plugin": "^1.0.143",
        "@types/node": "^24.10.1",
        "typescript": "^5.9.3",
      },
      "peerDependencies": {
        "@opencode-ai/plugin": ">=0.13.7",
      },
    },
  },
  "packages": {
    "@opencode-ai/plugin": ["@opencode-ai/plugin@1.1.47", "", { "dependencies": { "@opencode-ai/sdk": "1.1.47", "zod": "4.1.8" } }, "sha512-gNMPz72altieDfLhUw3VAT1xbduKi3w3wZ57GLeS7qU9W474HdvdIiLBnt2Xq3U7Ko0/0tvK3nzCker6IIDqmQ=="],

    "@opencode-ai/sdk": ["@opencode-ai/sdk@1.1.47", "", {}, "sha512-s3PBHwk1sP6Zt/lJxIWSBWZ1TnrI1nFxSP97LCODUytouAQgbygZ1oDH7O2sGMBEuGdA8B1nNSPla0aRSN3IpA=="],

    "@types/node": ["@types/node@24.10.9", "", { "dependencies": { "undici-types": "~7.16.0" } }, "sha512-ne4A0IpG3+2ETuREInjPNhUGis1SFjv1d5asp8MzEAGtOZeTeHVDOYqOgqfhvseqg/iXty2hjBf1zAOb7RNiNw=="],

    "typescript": ["typescript@5.9.3", "", { "bin": { "tsc": "bin/tsc", "tsserver": "bin/tsserver" } }, "sha512-jl1vZzPDinLr9eUt3J/t7V6FgNEw9QjvBPdysz9KfQDD41fQrC2Y4vKQdiaUpFT4bXlb1RHhLpp8wtm6M5TgSw=="],

    "undici-types": ["undici-types@7.16.0", "", {}, "sha512-Zz+aZWSj8LE6zoxD+xrjh4VfkIG8Ya6LvYkZqtUQGJPZjYl53ypCaUwWqo7eI0x66KBGeRo+mlBEkMSeSZ38Nw=="],

    "zod": ["zod@4.1.8", "", {}, "sha512-5R1P+WwQqmmMIEACyzSvo4JXHY5WiAFHRMg+zBZKgKS+Q1viRa0C1hmUKtHltoIFKtIdki3pRxkmpP74jnNYHQ=="],
  }
}
